// !$*UTF8*$!
{
	archiveVersion = 1;
	classes = {
	};
	objectVersion = 46;
	objects = {

/* Begin PBXBuildFile section */
		C444ADB716FA694700474BF2 /* char.txt in Resources */ = {isa = PBXBuildFile; fileRef = C444ADB616FA694700474BF2 /* char.txt */; };
		C444ADBD16FAA8A300474BF2 /* AVFoundation.framework in Frameworks */ = {isa = PBXBuildFile; fileRef = C444ADBC16FAA8A300474BF2 /* AVFoundation.framework */; };
		C453A1EE16AB8F8F00D36616 /* UIKit.framework in Frameworks */ = {isa = PBXBuildFile; fileRef = C453A1ED16AB8F8F00D36616 /* UIKit.framework */; };
		C453A1F016AB8F8F00D36616 /* Foundation.framework in Frameworks */ = {isa = PBXBuildFile; fileRef = C453A1EF16AB8F8F00D36616 /* Foundation.framework */; };
		C453A1F216AB8F8F00D36616 /* CoreGraphics.framework in Frameworks */ = {isa = PBXBuildFile; fileRef = C453A1F116AB8F8F00D36616 /* CoreGraphics.framework */; };
		C453A1F416AB8F8F00D36616 /* CoreData.framework in Frameworks */ = {isa = PBXBuildFile; fileRef = C453A1F316AB8F8F00D36616 /* CoreData.framework */; };
		C453A1FA16AB8F8F00D36616 /* InfoPlist.strings in Resources */ = {isa = PBXBuildFile; fileRef = C453A1F816AB8F8F00D36616 /* InfoPlist.strings */; };
		C453A1FC16AB8F8F00D36616 /* main.m in Sources */ = {isa = PBXBuildFile; fileRef = C453A1FB16AB8F8F00D36616 /* main.m */; };
		C453A20016AB8F8F00D36616 /* AppDelegate.m in Sources */ = {isa = PBXBuildFile; fileRef = C453A1FF16AB8F8F00D36616 /* AppDelegate.m */; };
		C453A20216AB8F8F00D36616 /* Default.png in Resources */ = {isa = PBXBuildFile; fileRef = C453A20116AB8F8F00D36616 /* Default.png */; };
		C453A20416AB8F8F00D36616 /* Default@2x.png in Resources */ = {isa = PBXBuildFile; fileRef = C453A20316AB8F8F00D36616 /* Default@2x.png */; };
		C453A20616AB8F8F00D36616 /* Default-568h@2x.png in Resources */ = {isa = PBXBuildFile; fileRef = C453A20516AB8F8F00D36616 /* Default-568h@2x.png */; };
		C453A20916AB8F8F00D36616 /* abandonDraft.xcdatamodeld in Sources */ = {isa = PBXBuildFile; fileRef = C453A20716AB8F8F00D36616 /* abandonDraft.xcdatamodeld */; };
		C453A21016AC9ADA00D36616 /* dict.txt in Resources */ = {isa = PBXBuildFile; fileRef = C453A20F16AC9ADA00D36616 /* dict.txt */; };
		C453A21716AC9C7D00D36616 /* recordViewController.m in Sources */ = {isa = PBXBuildFile; fileRef = C453A21516AC9C7D00D36616 /* recordViewController.m */; };
		C453A21816AC9C7D00D36616 /* recordViewController.xib in Resources */ = {isa = PBXBuildFile; fileRef = C453A21616AC9C7D00D36616 /* recordViewController.xib */; };
		C453A21F16ACC79200D36616 /* testViewController.m in Sources */ = {isa = PBXBuildFile; fileRef = C453A21D16ACC79200D36616 /* testViewController.m */; };
		C453A22016ACC79200D36616 /* testViewController.xib in Resources */ = {isa = PBXBuildFile; fileRef = C453A21E16ACC79200D36616 /* testViewController.xib */; };
		C453A22416ACD35F00D36616 /* reviewViewController.m in Sources */ = {isa = PBXBuildFile; fileRef = C453A22216ACD35E00D36616 /* reviewViewController.m */; };
		C453A22516ACD35F00D36616 /* reviewViewController.xib in Resources */ = {isa = PBXBuildFile; fileRef = C453A22316ACD35E00D36616 /* reviewViewController.xib */; };
/* End PBXBuildFile section */

/* Begin PBXFileReference section */
		C444ADB616FA694700474BF2 /* char.txt */ = {isa = PBXFileReference; fileEncoding = 4; lastKnownFileType = text; path = char.txt; sourceTree = "<group>"; };
		C444ADBC16FAA8A300474BF2 /* AVFoundation.framework */ = {isa = PBXFileReference; lastKnownFileType = wrapper.framework; name = AVFoundation.framework; path = System/Library/Frameworks/AVFoundation.framework; sourceTree = SDKROOT; };
		C453A1E916AB8F8F00D36616 /* abandonDraft.app */ = {isa = PBXFileReference; explicitFileType = wrapper.application; includeInIndex = 0; path = abandonDraft.app; sourceTree = BUILT_PRODUCTS_DIR; };
		C453A1ED16AB8F8F00D36616 /* UIKit.framework */ = {isa = PBXFileReference; lastKnownFileType = wrapper.framework; name = UIKit.framework; path = System/Library/Frameworks/UIKit.framework; sourceTree = SDKROOT; };
		C453A1EF16AB8F8F00D36616 /* Foundation.framework */ = {isa = PBXFileReference; lastKnownFileType = wrapper.framework; name = Foundation.framework; path = System/Library/Frameworks/Foundation.framework; sourceTree = SDKROOT; };
		C453A1F116AB8F8F00D36616 /* CoreGraphics.framework */ = {isa = PBXFileReference; lastKnownFileType = wrapper.framework; name = CoreGraphics.framework; path = System/Library/Frameworks/CoreGraphics.framework; sourceTree = SDKROOT; };
		C453A1F316AB8F8F00D36616 /* CoreData.framework */ = {isa = PBXFileReference; lastKnownFileType = wrapper.framework; name = CoreData.framework; path = System/Library/Frameworks/CoreData.framework; sourceTree = SDKROOT; };
		C453A1F716AB8F8F00D36616 /* abandonDraft-Info.plist */ = {isa = PBXFileReference; lastKnownFileType = text.plist.xml; path = "abandonDraft-Info.plist"; sourceTree = "<group>"; };
		C453A1F916AB8F8F00D36616 /* en */ = {isa = PBXFileReference; lastKnownFileType = text.plist.strings; name = en; path = en.lproj/InfoPlist.strings; sourceTree = "<group>"; };
		C453A1FB16AB8F8F00D36616 /* main.m */ = {isa = PBXFileReference; lastKnownFileType = sourcecode.c.objc; path = main.m; sourceTree = "<group>"; };
		C453A1FD16AB8F8F00D36616 /* abandonDraft-Prefix.pch */ = {isa = PBXFileReference; lastKnownFileType = sourcecode.c.h; path = "abandonDraft-Prefix.pch"; sourceTree = "<group>"; };
		C453A1FE16AB8F8F00D36616 /* AppDelegate.h */ = {isa = PBXFileReference; lastKnownFileType = sourcecode.c.h; path = AppDelegate.h; sourceTree = "<group>"; };
		C453A1FF16AB8F8F00D36616 /* AppDelegate.m */ = {isa = PBXFileReference; lastKnownFileType = sourcecode.c.objc; path = AppDelegate.m; sourceTree = "<group>"; };
		C453A20116AB8F8F00D36616 /* Default.png */ = {isa = PBXFileReference; lastKnownFileType = image.png; path = Default.png; sourceTree = "<group>"; };
		C453A20316AB8F8F00D36616 /* Default@2x.png */ = {isa = PBXFileReference; lastKnownFileType = image.png; path = "Default@2x.png"; sourceTree = "<group>"; };
		C453A20516AB8F8F00D36616 /* Default-568h@2x.png */ = {isa = PBXFileReference; lastKnownFileType = image.png; path = "Default-568h@2x.png"; sourceTree = "<group>"; };
		C453A20816AB8F8F00D36616 /* abandonDraft.xcdatamodel */ = {isa = PBXFileReference; lastKnownFileType = wrapper.xcdatamodel; path = abandonDraft.xcdatamodel; sourceTree = "<group>"; };
		C453A20F16AC9ADA00D36616 /* dict.txt */ = {isa = PBXFileReference; fileEncoding = 4; lastKnownFileType = text; path = dict.txt; sourceTree = "<group>"; };
		C453A21416AC9C7D00D36616 /* recordViewController.h */ = {isa = PBXFileReference; fileEncoding = 4; lastKnownFileType = sourcecode.c.h; name = recordViewController.h; path = ../recordViewController.h; sourceTree = "<group>"; };
		C453A21516AC9C7D00D36616 /* recordViewController.m */ = {isa = PBXFileReference; fileEncoding = 4; lastKnownFileType = sourcecode.c.objc; name = recordViewController.m; path = ../recordViewController.m; sourceTree = "<group>"; };
		C453A21616AC9C7D00D36616 /* recordViewController.xib */ = {isa = PBXFileReference; fileEncoding = 4; lastKnownFileType = file.xib; name = recordViewController.xib; path = ../recordViewController.xib; sourceTree = "<group>"; };
		C453A21C16ACC79200D36616 /* testViewController.h */ = {isa = PBXFileReference; fileEncoding = 4; lastKnownFileType = sourcecode.c.h; path = testViewController.h; sourceTree = "<group>"; };
		C453A21D16ACC79200D36616 /* testViewController.m */ = {isa = PBXFileReference; fileEncoding = 4; lastKnownFileType = sourcecode.c.objc; path = testViewController.m; sourceTree = "<group>"; };
		C453A21E16ACC79200D36616 /* testViewController.xib */ = {isa = PBXFileReference; fileEncoding = 4; lastKnownFileType = file.xib; path = testViewController.xib; sourceTree = "<group>"; };
		C453A22116ACD35E00D36616 /* reviewViewController.h */ = {isa = PBXFileReference; fileEncoding = 4; lastKnownFileType = sourcecode.c.h; path = reviewViewController.h; sourceTree = "<group>"; };
		C453A22216ACD35E00D36616 /* reviewViewController.m */ = {isa = PBXFileReference; fileEncoding = 4; lastKnownFileType = sourcecode.c.objc; path = reviewViewController.m; sourceTree = "<group>"; };
		C453A22316ACD35E00D36616 /* reviewViewController.xib */ = {isa = PBXFileReference; fileEncoding = 4; lastKnownFileType = file.xib; path = reviewViewController.xib; sourceTree = "<group>"; };
/* End PBXFileReference section */

/* Begin PBXFrameworksBuildPhase section */
		C453A1E616AB8F8F00D36616 /* Frameworks */ = {
			isa = PBXFrameworksBuildPhase;
			buildActionMask = 2147483647;
			files = (
				C444ADBD16FAA8A300474BF2 /* AVFoundation.framework in Frameworks */,
				C453A1EE16AB8F8F00D36616 /* UIKit.framework in Frameworks */,
				C453A1F016AB8F8F00D36616 /* Foundation.framework in Frameworks */,
				C453A1F216AB8F8F00D36616 /* CoreGraphics.framework in Frameworks */,
				C453A1F416AB8F8F00D36616 /* CoreData.framework in Frameworks */,
			);
			runOnlyForDeploymentPostprocessing = 0;
		};
/* End PBXFrameworksBuildPhase section */

/* Begin PBXGroup section */
		C453A1DE16AB8F8F00D36616 = {
			isa = PBXGroup;
			children = (
				C444ADBC16FAA8A300474BF2 /* AVFoundation.framework */,
				C453A1F516AB8F8F00D36616 /* abandonDraft */,
				C453A1EC16AB8F8F00D36616 /* Frameworks */,
				C453A1EA16AB8F8F00D36616 /* Products */,
			);
			sourceTree = "<group>";
		};
		C453A1EA16AB8F8F00D36616 /* Products */ = {
			isa = PBXGroup;
			children = (
				C453A1E916AB8F8F00D36616 /* abandonDraft.app */,
			);
			name = Products;
			sourceTree = "<group>";
		};
		C453A1EC16AB8F8F00D36616 /* Frameworks */ = {
			isa = PBXGroup;
			children = (
				C453A1ED16AB8F8F00D36616 /* UIKit.framework */,
				C453A1EF16AB8F8F00D36616 /* Foundation.framework */,
				C453A1F116AB8F8F00D36616 /* CoreGraphics.framework */,
				C453A1F316AB8F8F00D36616 /* CoreData.framework */,
			);
			name = Frameworks;
			sourceTree = "<group>";
		};
		C453A1F516AB8F8F00D36616 /* abandonDraft */ = {
			isa = PBXGroup;
			children = (
				C453A1FE16AB8F8F00D36616 /* AppDelegate.h */,
				C453A1FF16AB8F8F00D36616 /* AppDelegate.m */,
				C453A21C16ACC79200D36616 /* testViewController.h */,
				C453A21D16ACC79200D36616 /* testViewController.m */,
				C453A21E16ACC79200D36616 /* testViewController.xib */,
				C453A21416AC9C7D00D36616 /* recordViewController.h */,
				C453A21516AC9C7D00D36616 /* recordViewController.m */,
				C453A21616AC9C7D00D36616 /* recordViewController.xib */,
				C453A22116ACD35E00D36616 /* reviewViewController.h */,
				C453A22216ACD35E00D36616 /* reviewViewController.m */,
				C453A22316ACD35E00D36616 /* reviewViewController.xib */,
				C453A20716AB8F8F00D36616 /* abandonDraft.xcdatamodeld */,
				C444ADB616FA694700474BF2 /* char.txt */,
				C453A20F16AC9ADA00D36616 /* dict.txt */,
				C453A1F616AB8F8F00D36616 /* Supporting Files */,
			);
			path = abandonDraft;
			sourceTree = "<group>";
		};
		C453A1F616AB8F8F00D36616 /* Supporting Files */ = {
			isa = PBXGroup;
			children = (
				C453A1F716AB8F8F00D36616 /* abandonDraft-Info.plist */,
				C453A1F816AB8F8F00D36616 /* InfoPlist.strings */,
				C453A1FB16AB8F8F00D36616 /* main.m */,
				C453A1FD16AB8F8F00D36616 /* abandonDraft-Prefix.pch */,
				C453A20116AB8F8F00D36616 /* Default.png */,
				C453A20316AB8F8F00D36616 /* Default@2x.png */,
				C453A20516AB8F8F00D36616 /* Default-568h@2x.png */,
			);
			name = "Supporting Files";
			sourceTree = "<group>";
		};
/* End PBXGroup section */

/* Begin PBXNativeTarget section */
		C453A1E816AB8F8F00D36616 /* abandonDraft */ = {
			isa = PBXNativeTarget;
			buildConfigurationList = C453A20C16AB8F8F00D36616 /* Build configuration list for PBXNativeTarget "abandonDraft" */;
			buildPhases = (
				C453A1E516AB8F8F00D36616 /* Sources */,
				C453A1E616AB8F8F00D36616 /* Frameworks */,
				C453A1E716AB8F8F00D36616 /* Resources */,
			);
			buildRules = (
			);
			dependencies = (
			);
			name = abandonDraft;
			productName = abandonDraft;
			productReference = C453A1E916AB8F8F00D36616 /* abandonDraft.app */;
			productType = "com.apple.product-type.application";
		};
/* End PBXNativeTarget section */

/* Begin PBXProject section */
		C453A1E016AB8F8F00D36616 /* Project object */ = {
			isa = PBXProject;
			attributes = {
				CLASSPREFIX = CFZ;
				LastUpgradeCheck = 0450;
				ORGANIZATIONNAME = "Coefficient Zero";
			};
			buildConfigurationList = C453A1E316AB8F8F00D36616 /* Build configuration list for PBXProject "abandonDraft" */;
			compatibilityVersion = "Xcode 3.2";
			developmentRegion = English;
			hasScannedForEncodings = 0;
			knownRegions = (
				en,
			);
			mainGroup = C453A1DE16AB8F8F00D36616;
			productRefGroup = C453A1EA16AB8F8F00D36616 /* Products */;
			projectDirPath = "";
			projectRoot = "";
			targets = (
				C453A1E816AB8F8F00D36616 /* abandonDraft */,
			);
		};
/* End PBXProject section */

/* Begin PBXResourcesBuildPhase section */
		C453A1E716AB8F8F00D36616 /* Resources */ = {
			isa = PBXResourcesBuildPhase;
			buildActionMask = 2147483647;
			files = (
				C453A1FA16AB8F8F00D36616 /* InfoPlist.strings in Resources */,
				C453A20216AB8F8F00D36616 /* Default.png in Resources */,
				C453A20416AB8F8F00D36616 /* Default@2x.png in Resources */,
				C453A20616AB8F8F00D36616 /* Default-568h@2x.png in Resources */,
				C453A21016AC9ADA00D36616 /* dict.txt in Resources */,
				C453A21816AC9C7D00D36616 /* recordViewController.xib in Resources */,
				C453A22016ACC79200D36616 /* testViewController.xib in Resources */,
				C453A22516ACD35F00D36616 /* reviewViewController.xib in Resources */,
				C444ADB716FA694700474BF2 /* char.txt in Resources */,
			);
			runOnlyForDeploymentPostprocessing = 0;
		};
/* End PBXResourcesBuildPhase section */

/* Begin PBXSourcesBuildPhase section */
		C453A1E516AB8F8F00D36616 /* Sources */ = {
			isa = PBXSourcesBuildPhase;
			buildActionMask = 2147483647;
			files = (
				C453A1FC16AB8F8F00D36616 /* main.m in Sources */,
				C453A20016AB8F8F00D36616 /* AppDelegate.m in Sources */,
				C453A20916AB8F8F00D36616 /* abandonDraft.xcdatamodeld in Sources */,
				C453A21716AC9C7D00D36616 /* recordViewController.m in Sources */,
				C453A21F16ACC79200D36616 /* testViewController.m in Sources */,
				C453A22416ACD35F00D36616 /* reviewViewController.m in Sources */,
			);
			runOnlyForDeploymentPostprocessing = 0;
		};
/* End PBXSourcesBuildPhase section */

/* Begin PBXVariantGroup section */
		C453A1F816AB8F8F00D36616 /* InfoPlist.strings */ = {
			isa = PBXVariantGroup;
			children = (
				C453A1F916AB8F8F00D36616 /* en */,
			);
			name = InfoPlist.strings;
			sourceTree = "<group>";
		};
/* End PBXVariantGroup section */

/* Begin XCBuildConfiguration section */
		C453A20A16AB8F8F00D36616 /* Debug */ = {
			isa = XCBuildConfiguration;
			buildSettings = {
				ALWAYS_SEARCH_USER_PATHS = NO;
				CLANG_CXX_LANGUAGE_STANDARD = "gnu++0x";
				CLANG_CXX_LIBRARY = "libc++";
				CLANG_ENABLE_OBJC_ARC = YES;
				CLANG_WARN_EMPTY_BODY = YES;
				CLANG_WARN__DUPLICATE_METHOD_MATCH = YES;
				"CODE_SIGN_IDENTITY[sdk=iphoneos*]" = "iPhone Developer";
				COPY_PHASE_STRIP = NO;
				GCC_C_LANGUAGE_STANDARD = gnu99;
				GCC_DYNAMIC_NO_PIC = NO;
				GCC_OPTIMIZATION_LEVEL = 0;
				GCC_PREPROCESSOR_DEFINITIONS = (
					"DEBUG=1",
					"$(inherited)",
				);
				GCC_SYMBOLS_PRIVATE_EXTERN = NO;
				GCC_WARN_ABOUT_RETURN_TYPE = YES;
				GCC_WARN_UNINITIALIZED_AUTOS = YES;
				GCC_WARN_UNUSED_VARIABLE = YES;
				IPHONEOS_DEPLOYMENT_TARGET = 6.0;
				ONLY_ACTIVE_ARCH = YES;
				SDKROOT = iphoneos;
			};
			name = Debug;
		};
		C453A20B16AB8F8F00D36616 /* Release */ = {
			isa = XCBuildConfiguration;
			buildSettings = {
				ALWAYS_SEARCH_USER_PATHS = NO;
				CLANG_CXX_LANGUAGE_STANDARD = "gnu++0x";
				CLANG_CXX_LIBRARY = "libc++";
				CLANG_ENABLE_OBJC_ARC = YES;
				CLANG_WARN_EMPTY_BODY = YES;
				CLANG_WARN__DUPLICATE_METHOD_MATCH = YES;
				"CODE_SIGN_IDENTITY[sdk=iphoneos*]" = "iPhone Developer";
				COPY_PHASE_STRIP = YES;
				GCC_C_LANGUAGE_STANDARD = gnu99;
				GCC_WARN_ABOUT_RETURN_TYPE = YES;
				GCC_WARN_UNINITIALIZED_AUTOS = YES;
				GCC_WARN_UNUSED_VARIABLE = YES;
				IPHONEOS_DEPLOYMENT_TARGET = 6.0;
				OTHER_CFLAGS = "-DNS_BLOCK_ASSERTIONS=1";
				SDKROOT = iphoneos;
				VALIDATE_PRODUCT = YES;
			};
			name = Release;
		};
		C453A20D16AB8F8F00D36616 /* Debug */ = {
			isa = XCBuildConfiguration;
			buildSettings = {
				GCC_PRECOMPILE_PREFIX_HEADER = YES;
				GCC_PREFIX_HEADER = "abandonDraft/abandonDraft-Prefix.pch";
				INFOPLIST_FILE = "abandonDraft/abandonDraft-Info.plist";
				PRODUCT_NAME = "$(TARGET_NAME)";
				WRAPPER_EXTENSION = app;
			};
			name = Debug;
		};
		C453A20E16AB8F8F00D36616 /* Release */ = {
			isa = XCBuildConfiguration;
			buildSettings = {
				GCC_PRECOMPILE_PREFIX_HEADER = YES;
				GCC_PREFIX_HEADER = "abandonDraft/abandonDraft-Prefix.pch";
				INFOPLIST_FILE = "abandonDraft/abandonDraft-Info.plist";
				PRODUCT_NAME = "$(TARGET_NAME)";
				WRAPPER_EXTENSION = app;
			};
			name = Release;
		};
/* End XCBuildConfiguration section */

/* Begin XCConfigurationList section */
		C453A1E316AB8F8F00D36616 /* Build configuration list for PBXProject "abandonDraft" */ = {
			isa = XCConfigurationList;
			buildConfigurations = (
				C453A20A16AB8F8F00D36616 /* Debug */,
				C453A20B16AB8F8F00D36616 /* Release */,
			);
			defaultConfigurationIsVisible = 0;
			defaultConfigurationName = Release;
		};
		C453A20C16AB8F8F00D36616 /* Build configuration list for PBXNativeTarget "abandonDraft" */ = {
			isa = XCConfigurationList;
			buildConfigurations = (
				C453A20D16AB8F8F00D36616 /* Debug */,
				C453A20E16AB8F8F00D36616 /* Release */,
			);
			defaultConfigurationIsVisible = 0;
			defaultConfigurationName = Release;
		};
/* End XCConfigurationList section */

/* Begin XCVersionGroup section */
		C453A20716AB8F8F00D36616 /* abandonDraft.xcdatamodeld */ = {
			isa = XCVersionGroup;
			children = (
				C453A20816AB8F8F00D36616 /* abandonDraft.xcdatamodel */,
			);
			currentVersion = C453A20816AB8F8F00D36616 /* abandonDraft.xcdatamodel */;
			path = abandonDraft.xcdatamodeld;
			sourceTree = "<group>";
			versionGroupType = wrapper.xcdatamodel;
		};
/* End XCVersionGroup section */
	};
	rootObject = C453A1E016AB8F8F00D36616 /* Project object */;
}
